
Microsoft Visual Studio Solution File, Format Version 12.00
# Visual Studio 15
VisualStudioVersion = 15.0.28307.136
MinimumVisualStudioVersion = 10.0.40219.1
Project("{9A19103F-16F7-4668-BE54-9A1E7A4F7556}") = "Templates", "Templates\Templates.csproj", "{70DC83B8-70E4-4514-B3C0-BDBEE17908A0}"
EndProject
Project("{9A19103F-16F7-4668-BE54-9A1E7A4F7556}") = "WebAPITemplate", "WebAPITemplate\WebAPITemplate.csproj", "{8AF3CF80-A530-46AE-85F4-DFCB718C23C0}"
EndProject
Project("{FAE04EC0-301F-11D3-BF4B-00C04F79EFBC}") = "SampleWPFApp", "SampleWPFApp\SampleWPFApp.csproj", "{66E8D28A-C56E-4F56-B16D-01EFF92C2816}"
EndProject
Project("{FAE04EC0-301F-11D3-BF4B-00C04F79EFBC}") = "SampleConsoleApp", "SampleConsoleApp\SampleConsoleApp.csproj", "{AC132D7A-67C6-43A0-80C3-FD30CB8A89C5}"
EndProject
Project("{FAE04EC0-301F-11D3-BF4B-00C04F79EFBC}") = "TestSample", "TestSample\TestSample.csproj", "{60975EE5-43C0-404A-BA82-D895E3DD0672}"
EndProject
Global
	GlobalSection(SolutionConfigurationPlatforms) = preSolution
		Debug|Any CPU = Debug|Any CPU
		Release|Any CPU = Release|Any CPU
	EndGlobalSection
	GlobalSection(ProjectConfigurationPlatforms) = postSolution
		{70DC83B8-70E4-4514-B3C0-BDBEE17908A0}.Debug|Any CPU.ActiveCfg = Debug|Any CPU
		{70DC83B8-70E4-4514-B3C0-BDBEE17908A0}.Debug|Any CPU.Build.0 = Debug|Any CPU
		{70DC83B8-70E4-4514-B3C0-BDBEE17908A0}.Release|Any CPU.ActiveCfg = Release|Any CPU
		{70DC83B8-70E4-4514-B3C0-BDBEE17908A0}.Release|Any CPU.Build.0 = Release|Any CPU
		{8AF3CF80-A530-46AE-85F4-DFCB718C23C0}.Debug|Any CPU.ActiveCfg = Debug|Any CPU
		{8AF3CF80-A530-46AE-85F4-DFCB718C23C0}.Debug|Any CPU.Build.0 = Debug|Any CPU
		{8AF3CF80-A530-46AE-85F4-DFCB718C23C0}.Release|Any CPU.ActiveCfg = Release|Any CPU
		{8AF3CF80-A530-46AE-85F4-DFCB718C23C0}.Release|Any CPU.Build.0 = Release|Any CPU
		{66E8D28A-C56E-4F56-B16D-01EFF92C2816}.Debug|Any CPU.ActiveCfg = Debug|Any CPU
		{66E8D28A-C56E-4F56-B16D-01EFF92C2816}.Debug|Any CPU.Build.0 = Debug|Any CPU
		{66E8D28A-C56E-4F56-B16D-01EFF92C2816}.Release|Any CPU.ActiveCfg = Release|Any CPU
		{66E8D28A-C56E-4F56-B16D-01EFF92C2816}.Release|Any CPU.Build.0 = Release|Any CPU
		{AC132D7A-67C6-43A0-80C3-FD30CB8A89C5}.Debug|Any CPU.ActiveCfg = Debug|Any CPU
		{AC132D7A-67C6-43A0-80C3-FD30CB8A89C5}.Debug|Any CPU.Build.0 = Debug|Any CPU
		{AC132D7A-67C6-43A0-80C3-FD30CB8A89C5}.Release|Any CPU.ActiveCfg = Release|Any CPU
		{AC132D7A-67C6-43A0-80C3-FD30CB8A89C5}.Release|Any CPU.Build.0 = Release|Any CPU
		{60975EE5-43C0-404A-BA82-D895E3DD0672}.Debug|Any CPU.ActiveCfg = Debug|Any CPU
		{60975EE5-43C0-404A-BA82-D895E3DD0672}.Debug|Any CPU.Build.0 = Debug|Any CPU
		{60975EE5-43C0-404A-BA82-D895E3DD0672}.Release|Any CPU.ActiveCfg = Release|Any CPU
		{60975EE5-43C0-404A-BA82-D895E3DD0672}.Release|Any CPU.Build.0 = Release|Any CPU
	EndGlobalSection
	GlobalSection(SolutionProperties) = preSolution
		HideSolutionNode = FALSE
	EndGlobalSection
	GlobalSection(ExtensibilityGlobals) = postSolution
		SolutionGuid = {6657D35A-1CDF-4D40-A25A-1DD9FF079368}
	EndGlobalSection
EndGlobal
